
Microsoft Visual Studio Solution File, Format Version 12.00
# Visual Studio Version 17
VisualStudioVersion = 17.2.32616.157
MinimumVisualStudioVersion = 10.0.40219.1
Project("{FAE04EC0-301F-11D3-BF4B-00C04F79EFBC}") = "Salary", "Salary\Salary.csproj", "{10BF8F0D-D469-4561-8D25-22F1CB94E2A9}"
EndProject
Global
	GlobalSection(SolutionConfigurationPlatforms) = preSolution
		Debug|Any CPU = Debug|Any CPU
		Release|Any CPU = Release|Any CPU
	EndGlobalSection
	GlobalSection(ProjectConfigurationPlatforms) = postSolution
		{10BF8F0D-D469-4561-8D25-22F1CB94E2A9}.Debug|Any CPU.ActiveCfg = Debug|Any CPU
		{10BF8F0D-D469-4561-8D25-22F1CB94E2A9}.Debug|Any CPU.Build.0 = Debug|Any CPU
		{10BF8F0D-D469-4561-8D25-22F1CB94E2A9}.Release|Any CPU.ActiveCfg = Release|Any CPU
		{10BF8F0D-D469-4561-8D25-22F1CB94E2A9}.Release|Any CPU.Build.0 = Release|Any CPU
	EndGlobalSection
	GlobalSection(SolutionProperties) = preSolution
		HideSolutionNode = FALSE
	EndGlobalSection
	GlobalSection(ExtensibilityGlobals) = postSolution
		SolutionGuid = {37A7FF12-D702-4505-AC1A-A65C2C7F0CF4}
	EndGlobalSection
EndGlobal
